
Microsoft Visual Studio Solution File, Format Version 12.00
# Visual Studio 15
VisualStudioVersion = 15.0.28307.1401
MinimumVisualStudioVersion = 10.0.40219.1
Project("{FAE04EC0-301F-11D3-BF4B-00C04F79EFBC}") = "Tournament Simulator", "Tournament Simulator\Tournament Simulator.csproj", "{2E117217-5B85-4C31-9B0F-287138874792}"
EndProject
Global
	GlobalSection(SolutionConfigurationPlatforms) = preSolution
		Debug|Any CPU = Debug|Any CPU
		Release|Any CPU = Release|Any CPU
	EndGlobalSection
	GlobalSection(ProjectConfigurationPlatforms) = postSolution
		{2E117217-5B85-4C31-9B0F-287138874792}.Debug|Any CPU.ActiveCfg = Debug|Any CPU
		{2E117217-5B85-4C31-9B0F-287138874792}.Debug|Any CPU.Build.0 = Debug|Any CPU
		{2E117217-5B85-4C31-9B0F-287138874792}.Release|Any CPU.ActiveCfg = Release|Any CPU
		{2E117217-5B85-4C31-9B0F-287138874792}.Release|Any CPU.Build.0 = Release|Any CPU
	EndGlobalSection
	GlobalSection(SolutionProperties) = preSolution
		HideSolutionNode = FALSE
	EndGlobalSection
	GlobalSection(ExtensibilityGlobals) = postSolution
		SolutionGuid = {87283277-4F59-4660-9D9A-EB9496E6C7D9}
	EndGlobalSection
EndGlobal
